
Microsoft Visual Studio Solution File, Format Version 12.00
# Visual Studio 15
VisualStudioVersion = 15.0.27428.2043
MinimumVisualStudioVersion = 10.0.40219.1
Project("{FAE04EC0-301F-11D3-BF4B-00C04F79EFBC}") = "NasDonate", "NasDonate\NasDonate.csproj", "{416CE5C9-6187-48D1-B4B9-C0AB5A312982}"
EndProject
Global
	GlobalSection(SolutionConfigurationPlatforms) = preSolution
		Debug|Any CPU = Debug|Any CPU
		Release|Any CPU = Release|Any CPU
	EndGlobalSection
	GlobalSection(ProjectConfigurationPlatforms) = postSolution
		{416CE5C9-6187-48D1-B4B9-C0AB5A312982}.Debug|Any CPU.ActiveCfg = Debug|Any CPU
		{416CE5C9-6187-48D1-B4B9-C0AB5A312982}.Debug|Any CPU.Build.0 = Debug|Any CPU
		{416CE5C9-6187-48D1-B4B9-C0AB5A312982}.Release|Any CPU.ActiveCfg = Release|Any CPU
		{416CE5C9-6187-48D1-B4B9-C0AB5A312982}.Release|Any CPU.Build.0 = Release|Any CPU
	EndGlobalSection
	GlobalSection(SolutionProperties) = preSolution
		HideSolutionNode = FALSE
	EndGlobalSection
	GlobalSection(ExtensibilityGlobals) = postSolution
		SolutionGuid = {B9C38ACE-B609-4AA4-97B5-EEDF13BAAB17}
	EndGlobalSection
EndGlobal
